
Microsoft Visual Studio Solution File, Format Version 12.00
# Visual Studio Version 16
VisualStudioVersion = 16.0.29519.87
MinimumVisualStudioVersion = 10.0.40219.1
Project("{9A19103F-16F7-4668-BE54-9A1E7A4F7556}") = "UsersAPI", "UsersAPI\UsersAPI.csproj", "{3DE9B21E-CAD0-40B1-B030-7F069197085E}"
EndProject
Project("{9A19103F-16F7-4668-BE54-9A1E7A4F7556}") = "Contracts", "Contracts\Contracts.csproj", "{585DFE00-41FA-4965-BC61-88F1EEFF89EF}"
EndProject
Project("{9A19103F-16F7-4668-BE54-9A1E7A4F7556}") = "Services", "Services\Services.csproj", "{9A09EABB-D22A-4202-B580-5E7CFCE9C42B}"
EndProject
Project("{9A19103F-16F7-4668-BE54-9A1E7A4F7556}") = "Models", "Models\Models.csproj", "{AA77EFC1-9294-490E-B667-0EA30C036DED}"
EndProject
Project("{FAE04EC0-301F-11D3-BF4B-00C04F79EFBC}") = "Services.Tests", "Services.Tests\Services.Tests.csproj", "{887C3207-7DF5-4D5A-9B98-607651CDBB1D}"
EndProject
Global
	GlobalSection(SolutionConfigurationPlatforms) = preSolution
		Debug|Any CPU = Debug|Any CPU
		Release|Any CPU = Release|Any CPU
	EndGlobalSection
	GlobalSection(ProjectConfigurationPlatforms) = postSolution
		{3DE9B21E-CAD0-40B1-B030-7F069197085E}.Debug|Any CPU.ActiveCfg = Debug|Any CPU
		{3DE9B21E-CAD0-40B1-B030-7F069197085E}.Debug|Any CPU.Build.0 = Debug|Any CPU
		{3DE9B21E-CAD0-40B1-B030-7F069197085E}.Release|Any CPU.ActiveCfg = Release|Any CPU
		{3DE9B21E-CAD0-40B1-B030-7F069197085E}.Release|Any CPU.Build.0 = Release|Any CPU
		{585DFE00-41FA-4965-BC61-88F1EEFF89EF}.Debug|Any CPU.ActiveCfg = Debug|Any CPU
		{585DFE00-41FA-4965-BC61-88F1EEFF89EF}.Debug|Any CPU.Build.0 = Debug|Any CPU
		{585DFE00-41FA-4965-BC61-88F1EEFF89EF}.Release|Any CPU.ActiveCfg = Release|Any CPU
		{585DFE00-41FA-4965-BC61-88F1EEFF89EF}.Release|Any CPU.Build.0 = Release|Any CPU
		{9A09EABB-D22A-4202-B580-5E7CFCE9C42B}.Debug|Any CPU.ActiveCfg = Debug|Any CPU
		{9A09EABB-D22A-4202-B580-5E7CFCE9C42B}.Debug|Any CPU.Build.0 = Debug|Any CPU
		{9A09EABB-D22A-4202-B580-5E7CFCE9C42B}.Release|Any CPU.ActiveCfg = Release|Any CPU
		{9A09EABB-D22A-4202-B580-5E7CFCE9C42B}.Release|Any CPU.Build.0 = Release|Any CPU
		{AA77EFC1-9294-490E-B667-0EA30C036DED}.Debug|Any CPU.ActiveCfg = Debug|Any CPU
		{AA77EFC1-9294-490E-B667-0EA30C036DED}.Debug|Any CPU.Build.0 = Debug|Any CPU
		{AA77EFC1-9294-490E-B667-0EA30C036DED}.Release|Any CPU.ActiveCfg = Release|Any CPU
		{AA77EFC1-9294-490E-B667-0EA30C036DED}.Release|Any CPU.Build.0 = Release|Any CPU
		{887C3207-7DF5-4D5A-9B98-607651CDBB1D}.Debug|Any CPU.ActiveCfg = Debug|Any CPU
		{887C3207-7DF5-4D5A-9B98-607651CDBB1D}.Debug|Any CPU.Build.0 = Debug|Any CPU
		{887C3207-7DF5-4D5A-9B98-607651CDBB1D}.Release|Any CPU.ActiveCfg = Release|Any CPU
		{887C3207-7DF5-4D5A-9B98-607651CDBB1D}.Release|Any CPU.Build.0 = Release|Any CPU
	EndGlobalSection
	GlobalSection(SolutionProperties) = preSolution
		HideSolutionNode = FALSE
	EndGlobalSection
	GlobalSection(ExtensibilityGlobals) = postSolution
		SolutionGuid = {BBC0BCE8-6FB3-4C5E-9B9A-355BD3A58EC0}
	EndGlobalSection
EndGlobal
